# THIS IS AN AUTOGENERATED FILE. DO NOT EDIT THIS FILE DIRECTLY.
# yarn lockfile v1


"@polka/send-type@^0.5.2":
  version "0.5.2"
  resolved "https://registry.yarnpkg.com/@polka/send-type/-/send-type-0.5.2.tgz#65ed19522248e894eb9cfabe7ef0f166c10166a9"
  integrity sha512-jGXalKihnhGQmMQ+xxfxrRfI2cWs38TIZuwgYpnbQDD4r9TkOiU3ocjAS+6CqqMNQNAu9Ul2iHU5YFRDODak2w==

"@tusbar/cache-control@^0.4.0":
  version "0.4.0"
  resolved "https://registry.yarnpkg.com/@tusbar/cache-control/-/cache-control-0.4.0.tgz#2b7cc0088482956c078edefbe1133b8496d23086"
  integrity sha512-55J2ojuKrznii04dnFNaJSo2994LRwWo/yMXhd+SN+YzmnVXbdImr3GEzho452JC9Xo+wN9f44oCptmse/HQKQ==

any-promise@^1.1.0:
  version "1.3.0"
  resolved "https://registry.yarnpkg.com/any-promise/-/any-promise-1.3.0.tgz#abc6afeedcea52e809cdc0376aed3ce39635d17f"
  integrity sha1-q8av7tzqUugJzcA3au0845Y10X8=

async@^1.5.0:
  version "1.5.2"
  resolved "https://registry.yarnpkg.com/async/-/async-1.5.2.tgz#ec6a61ae56480c0c3cb241c95618e20892f9672a"
  integrity sha1-7GphrlZIDAw8skHJVhjiCJL5Zyo=

async@^3.2.0:
  version "3.2.0"
  resolved "https://registry.yarnpkg.com/async/-/async-3.2.0.tgz#b3a2685c5ebb641d3de02d161002c60fc9f85720"
  integrity sha512-TR2mEZFVOj2pLStYxLht7TyfuRzaydfpxr3k9RpHIzMgw7A64dzsdqCxH1WJyQdoe8T10nDXd9wnEigmiuHIZw==

bowser@2.9.0:
  version "2.9.0"
  resolved "https://registry.yarnpkg.com/bowser/-/bowser-2.9.0.tgz#3bed854233b419b9a7422d9ee3e85504373821c9"
  integrity sha512-2ld76tuLBNFekRgmJfT2+3j5MIrP6bFict8WAIT3beq+srz1gcKNAdNKMqHqauQt63NmAa88HfP1/Ypa9Er3HA==

buffer-equal-constant-time@1.0.1:
  version "1.0.1"
  resolved "https://registry.yarnpkg.com/buffer-equal-constant-time/-/buffer-equal-constant-time-1.0.1.tgz#f8e71132f7ffe6e01a5c9697a4c6f3e48d5cc819"
  integrity sha1-+OcRMvf/5uAaXJaXpMbz5I1cyBk=

buffer-from@^1.0.0:
  version "1.1.1"
  resolved "https://registry.yarnpkg.com/buffer-from/-/buffer-from-1.1.1.tgz#32713bc028f75c02fdb710d7c7bcec1f2c6070ef"
  integrity sha512-MQcXEUbCKtEo7bhqEs6560Hyd4XaovZlO/k9V3hjVUF/zwW7KBVdSK4gIt/bzwS9MbR5qob+F5jusZsb0YQK2A==

cache-manager@^3.3.0:
  version "3.4.0"
  resolved "https://registry.yarnpkg.com/cache-manager/-/cache-manager-3.4.0.tgz#6f352fa1ee95709878e3474e9ed8489ef751bba3"
  integrity sha512-+WtL5sKHGngtnzTHNFA6+gC0wjpAAUmwmprXOSeaCBOkohM8Nh7GvV8fC90NFrDh7m3i87AshGd39/yYbWNtWA==
  dependencies:
    async "^3.2.0"
    lodash "^4.17.20"
    lru-cache "6.0.0"

camelize@1.0.0:
  version "1.0.0"
  resolved "https://registry.yarnpkg.com/camelize/-/camelize-1.0.0.tgz#164a5483e630fa4321e5af07020e531831b2609b"
  integrity sha1-FkpUg+Yw+kMh5a8HAg5TGDGyYJs=

concat-stream@^2.0.0:
  version "2.0.0"
  resolved "https://registry.yarnpkg.com/concat-stream/-/concat-stream-2.0.0.tgz#414cf5af790a48c60ab9be4527d56d5e41133cb1"
  integrity sha512-MWufYdFw53ccGjCA+Ol7XJYpAlW6/prSMzuPOTRnJGcGzuhLn4Scrz7qf6o8bROZ514ltazcIFJZevcfbo0x7A==
  dependencies:
    buffer-from "^1.0.0"
    inherits "^2.0.3"
    readable-stream "^3.0.2"
    typedarray "^0.0.6"

content-security-policy-builder@2.1.0:
  version "2.1.0"
  resolved "https://registry.yarnpkg.com/content-security-policy-builder/-/content-security-policy-builder-2.1.0.tgz#0a2364d769a3d7014eec79ff7699804deb8cfcbb"
  integrity sha512-/MtLWhJVvJNkA9dVLAp6fg9LxD2gfI6R2Fi1hPmfjYXSahJJzcfvoeDOxSyp4NvxMuwWv3WMssE9o31DoULHrQ==

cors@^2.8.5:
  version "2.8.5"
  resolved "https://registry.yarnpkg.com/cors/-/cors-2.8.5.tgz#eac11da51592dd86b9f06f6e7ac293b3df875d29"
  integrity sha512-KIHbLJqu73RGr/hnbrO9uBeixNGuvSQjul/jdFvS/KFSIH1hWVd1ng7zOHx+YrEfInLG7q4n6GHQ9cDtxv/P6g==
  dependencies:
    object-assign "^4"
    vary "^1"

dasherize@2.0.0:
  version "2.0.0"
  resolved "https://registry.yarnpkg.com/dasherize/-/dasherize-2.0.0.tgz#6d809c9cd0cf7bb8952d80fc84fa13d47ddb1308"
  integrity sha1-bYCcnNDPe7iVLYD8hPoT1H3bEwg=

depd@2.0.0:
  version "2.0.0"
  resolved "https://registry.yarnpkg.com/depd/-/depd-2.0.0.tgz#b696163cc757560d09cf22cc8fad1571b79e76df"
  integrity sha512-g7nH6P6dyDioJogAAGprGpCtVImJhpPk/roCzdb3fIh61/s/nPsfR6onyMwkCAR/OlC3yBC0lESvUoQEAssIrw==

dont-sniff-mimetype@1.1.0:
  version "1.1.0"
  resolved "https://registry.yarnpkg.com/dont-sniff-mimetype/-/dont-sniff-mimetype-1.1.0.tgz#c7d0427f8bcb095762751252af59d148b0a623b2"
  integrity sha512-ZjI4zqTaxveH2/tTlzS1wFp+7ncxNZaIEWYg3lzZRHkKf5zPT/MnEG6WL0BhHMJUabkh8GeU5NL5j+rEUCb7Ug==

ecdsa-sig-formatter@1.0.11:
  version "1.0.11"
  resolved "https://registry.yarnpkg.com/ecdsa-sig-formatter/-/ecdsa-sig-formatter-1.0.11.tgz#ae0f0fa2d85045ef14a817daa3ce9acd0489e5bf"
  integrity sha512-nagl3RYrbNv6kQkeJIpt6NJZy8twLB/2vtz6yN9Z4vRKHN4/QZJIEbqohALSgwKdnksuY3k5Addp5lg8sVoVcQ==
  dependencies:
    safe-buffer "^5.0.1"

end-of-stream@^1.1.0, end-of-stream@^1.4.4:
  version "1.4.4"
  resolved "https://registry.yarnpkg.com/end-of-stream/-/end-of-stream-1.4.4.tgz#5ae64a5f45057baf3626ec14da0ca5e4b2431eb0"
  integrity sha512-+uw1inIHVPQoaVuHzRyXd21icM+cnt4CzD5rW+NC1wjOUSTOs+Te7FOv7AhN7vS9x/oIyhLP5PR1H+phQAHu5Q==
  dependencies:
    once "^1.4.0"

escape-string-regexp@^2.0.0:
  version "2.0.0"
  resolved "https://registry.yarnpkg.com/escape-string-regexp/-/escape-string-regexp-2.0.0.tgz#a30304e99daa32e23b2fd20f51babd07cffca344"
  integrity sha512-UpzcLCXolUWcNu5HtVMHYdXJjArjsF9C0aNnquZYY4uW/Vu0miy5YoWvbV345HauVvcAUnpRuhMMcqTcGOY2+w==

express-jwt@^5.3.1:
  version "5.3.3"
  resolved "https://registry.yarnpkg.com/express-jwt/-/express-jwt-5.3.3.tgz#e557b4a63dd34c5ddd6ad81452738386314cc243"
  integrity sha512-UdB8p5O8vGYTKm3SfREnLgVGIGEHcL3lrVyi3ebEX2qhMuagN623ju7ywWis+qYL+CXE7G1qPc2bCPBAg2MxZQ==
  dependencies:
    async "^1.5.0"
    express-unless "^0.3.0"
    jsonwebtoken "^8.1.0"
    lodash.set "^4.0.0"

express-unless@^0.3.0:
  version "0.3.1"
  resolved "https://registry.yarnpkg.com/express-unless/-/express-unless-0.3.1.tgz#2557c146e75beb903e2d247f9b5ba01452696e20"
  integrity sha1-JVfBRudb65A+LSR/m1ugFFJpbiA=

fast-decode-uri-component@^1.0.0:
  version "1.0.1"
  resolved "https://registry.yarnpkg.com/fast-decode-uri-component/-/fast-decode-uri-component-1.0.1.tgz#46f8b6c22b30ff7a81357d4f59abfae938202543"
  integrity sha512-WKgKWg5eUxvRZGwW8FvfbaH7AXSh2cL+3j5fMGzUMCxWBJ3dV3a7Wz8y2f/uQ0e3B6WmodD3oS54jTQ9HVTIIg==

fast-gateway@^1.3.7:
  version "1.5.2"
  resolved "https://registry.yarnpkg.com/fast-gateway/-/fast-gateway-1.5.2.tgz#249334dacf9d9d5c4c1de6ffe53f2ced9d661453"
  integrity sha512-l3Ug0HncfjrQITZxhs1ffuTN6RFtMWAN9OonNH6ShuqXXlJkVDqLH9vSwr6J5gjja76Qp+UhR1navIRDxhGpbw==
  dependencies:
    "@polka/send-type" "^0.5.2"
    fast-proxy "^1.3.0"
    http-cache-middleware "^1.2.3"
    restana "^3.4.1"
    stream-to-array "^2.3.0"

fast-proxy@^1.3.0:
  version "1.7.0"
  resolved "https://registry.yarnpkg.com/fast-proxy/-/fast-proxy-1.7.0.tgz#ebeee1ebd7886a8d12f93d3a0b7a6190d63dd477"
  integrity sha512-eNSFqaxY/q6noge+UuShDKmMc0jQtEXKlrfiTHPrSHPwB6610P0jY/KEikuR/FmSXTX91yImJTEi8sL1qFjSLA==
  dependencies:
    end-of-stream "^1.4.4"
    pump "^3.0.0"
    semver "^7.3.2"
    tiny-lru "^7.0.6"
    undici "^1.2.2"

feature-policy@0.3.0:
  version "0.3.0"
  resolved "https://registry.yarnpkg.com/feature-policy/-/feature-policy-0.3.0.tgz#7430e8e54a40da01156ca30aaec1a381ce536069"
  integrity sha512-ZtijOTFN7TzCujt1fnNhfWPFPSHeZkesff9AXZj+UEjYBynWNUIYpC87Ve4wHzyexQsImicLu7WsC2LHq7/xrQ==

find-my-way@^2.2.1, find-my-way@^2.2.2:
  version "2.2.4"
  resolved "https://registry.yarnpkg.com/find-my-way/-/find-my-way-2.2.4.tgz#cbda5ade45fe221529ca064f76c3086fdf09e8c4"
  integrity sha512-GYP5M6SS6Tblv4fNgADLmrWIgaWK62WiTn+rEWhEGZtU1ZhVfClaFFQwdkXgZ/tmZY4+BpkKIXrqh0Iv9iP4dg==
  dependencies:
    fast-decode-uri-component "^1.0.0"
    safe-regex2 "^2.0.0"
    semver-store "^0.3.0"

helmet-crossdomain@0.4.0:
  version "0.4.0"
  resolved "https://registry.yarnpkg.com/helmet-crossdomain/-/helmet-crossdomain-0.4.0.tgz#5f1fe5a836d0325f1da0a78eaa5fd8429078894e"
  integrity sha512-AB4DTykRw3HCOxovD1nPR16hllrVImeFp5VBV9/twj66lJ2nU75DP8FPL0/Jp4jj79JhTfG+pFI2MD02kWJ+fA==

helmet-csp@2.10.0:
  version "2.10.0"
  resolved "https://registry.yarnpkg.com/helmet-csp/-/helmet-csp-2.10.0.tgz#685dde1747bc16c5e28ad9d91e229a69f0a85e84"
  integrity sha512-Rz953ZNEFk8sT2XvewXkYN0Ho4GEZdjAZy4stjiEQV3eN7GDxg1QKmYggH7otDyIA7uGA6XnUMVSgeJwbR5X+w==
  dependencies:
    bowser "2.9.0"
    camelize "1.0.0"
    content-security-policy-builder "2.1.0"
    dasherize "2.0.0"

helmet@^3.21.1:
  version "3.23.3"
  resolved "https://registry.yarnpkg.com/helmet/-/helmet-3.23.3.tgz#5ba30209c5f73ded4ab65746a3a11bedd4579ab7"
  integrity sha512-U3MeYdzPJQhtvqAVBPntVgAvNSOJyagwZwyKsFdyRa8TV3pOKVFljalPOCxbw5Wwf2kncGhmP0qHjyazIdNdSA==
  dependencies:
    depd "2.0.0"
    dont-sniff-mimetype "1.1.0"
    feature-policy "0.3.0"
    helmet-crossdomain "0.4.0"
    helmet-csp "2.10.0"
    hide-powered-by "1.1.0"
    hpkp "2.0.0"
    hsts "2.2.0"
    nocache "2.1.0"
    referrer-policy "1.2.0"
    x-xss-protection "1.3.0"

hide-powered-by@1.1.0:
  version "1.1.0"
  resolved "https://registry.yarnpkg.com/hide-powered-by/-/hide-powered-by-1.1.0.tgz#be3ea9cab4bdb16f8744be873755ca663383fa7a"
  integrity sha512-Io1zA2yOA1YJslkr+AJlWSf2yWFkKjvkcL9Ni1XSUqnGLr/qRQe2UI3Cn/J9MsJht7yEVCe0SscY1HgVMujbgg==

hpkp@2.0.0:
  version "2.0.0"
  resolved "https://registry.yarnpkg.com/hpkp/-/hpkp-2.0.0.tgz#10e142264e76215a5d30c44ec43de64dee6d1672"
  integrity sha1-EOFCJk52IVpdMMROxD3mTe5tFnI=

hsts@2.2.0:
  version "2.2.0"
  resolved "https://registry.yarnpkg.com/hsts/-/hsts-2.2.0.tgz#09119d42f7a8587035d027dda4522366fe75d964"
  integrity sha512-ToaTnQ2TbJkochoVcdXYm4HOCliNozlviNsg+X2XQLQvZNI/kCHR9rZxVYpJB3UPcHz80PgxRyWQ7PdU1r+VBQ==
  dependencies:
    depd "2.0.0"

http-cache-middleware@^1.2.3:
  version "1.3.5"
  resolved "https://registry.yarnpkg.com/http-cache-middleware/-/http-cache-middleware-1.3.5.tgz#b283edbf80b0fe8b510d7e564d40af46e579e2b3"
  integrity sha512-MPckyS1Fbna1W0rN9a4+PFjoYky0l6WLgUD4rV244gTpOTpZGy1XuLrCjZIsSJPEIzGbAPrcNioEIframQVXqg==
  dependencies:
    "@tusbar/cache-control" "^0.4.0"
    cache-manager "^3.3.0"
    matcher "^2.0.0"
    middleware-if-unless "^1.2.4"
    ms "^2.1.2"
    on-http-end "^1.0.2"

inherits@^2.0.3:
  version "2.0.4"
  resolved "https://registry.yarnpkg.com/inherits/-/inherits-2.0.4.tgz#0fa2c64f932917c3433a0ded55363aae37416b7c"
  integrity sha512-k/vGaX4/Yla3WzyMCvTQOXYeIHvqOKtnqBduzTHpzpQZzAskKMhZ2K+EnBiSM9zGSoIFeMpXKxa4dYeZIQqewQ==

jsonwebtoken@^8.1.0:
  version "8.5.1"
  resolved "https://registry.yarnpkg.com/jsonwebtoken/-/jsonwebtoken-8.5.1.tgz#00e71e0b8df54c2121a1f26137df2280673bcc0d"
  integrity sha512-XjwVfRS6jTMsqYs0EsuJ4LGxXV14zQybNd4L2r0UvbVnSF9Af8x7p5MzbJ90Ioz/9TI41/hTCvznF/loiSzn8w==
  dependencies:
    jws "^3.2.2"
    lodash.includes "^4.3.0"
    lodash.isboolean "^3.0.3"
    lodash.isinteger "^4.0.4"
    lodash.isnumber "^3.0.3"
    lodash.isplainobject "^4.0.6"
    lodash.isstring "^4.0.1"
    lodash.once "^4.0.0"
    ms "^2.1.1"
    semver "^5.6.0"

jwa@^1.4.1:
  version "1.4.1"
  resolved "https://registry.yarnpkg.com/jwa/-/jwa-1.4.1.tgz#743c32985cb9e98655530d53641b66c8645b039a"
  integrity sha512-qiLX/xhEEFKUAJ6FiBMbes3w9ATzyk5W7Hvzpa/SLYdxNtng+gcurvrI7TbACjIXlsJyr05/S1oUhZrc63evQA==
  dependencies:
    buffer-equal-constant-time "1.0.1"
    ecdsa-sig-formatter "1.0.11"
    safe-buffer "^5.0.1"

jws@^3.2.2:
  version "3.2.2"
  resolved "https://registry.yarnpkg.com/jws/-/jws-3.2.2.tgz#001099f3639468c9414000e99995fa52fb478304"
  integrity sha512-YHlZCB6lMTllWDtSPHz/ZXTsi8S00usEV6v1tjq8tOUZzw7DpSDWVXjXDre6ed1w/pd495ODpHZYSdkRTsa0HA==
  dependencies:
    jwa "^1.4.1"
    safe-buffer "^5.0.1"

lodash.includes@^4.3.0:
  version "4.3.0"
  resolved "https://registry.yarnpkg.com/lodash.includes/-/lodash.includes-4.3.0.tgz#60bb98a87cb923c68ca1e51325483314849f553f"
  integrity sha1-YLuYqHy5I8aMoeUTJUgzFISfVT8=

lodash.isboolean@^3.0.3:
  version "3.0.3"
  resolved "https://registry.yarnpkg.com/lodash.isboolean/-/lodash.isboolean-3.0.3.tgz#6c2e171db2a257cd96802fd43b01b20d5f5870f6"
  integrity sha1-bC4XHbKiV82WgC/UOwGyDV9YcPY=

lodash.isinteger@^4.0.4:
  version "4.0.4"
  resolved "https://registry.yarnpkg.com/lodash.isinteger/-/lodash.isinteger-4.0.4.tgz#619c0af3d03f8b04c31f5882840b77b11cd68343"
  integrity sha1-YZwK89A/iwTDH1iChAt3sRzWg0M=

lodash.isnumber@^3.0.3:
  version "3.0.3"
  resolved "https://registry.yarnpkg.com/lodash.isnumber/-/lodash.isnumber-3.0.3.tgz#3ce76810c5928d03352301ac287317f11c0b1ffc"
  integrity sha1-POdoEMWSjQM1IwGsKHMX8RwLH/w=

lodash.isplainobject@^4.0.6:
  version "4.0.6"
  resolved "https://registry.yarnpkg.com/lodash.isplainobject/-/lodash.isplainobject-4.0.6.tgz#7c526a52d89b45c45cc690b88163be0497f550cb"
  integrity sha1-fFJqUtibRcRcxpC4gWO+BJf1UMs=

lodash.isstring@^4.0.1:
  version "4.0.1"
  resolved "https://registry.yarnpkg.com/lodash.isstring/-/lodash.isstring-4.0.1.tgz#d527dfb5456eca7cc9bb95d5daeaf88ba54a5451"
  integrity sha1-1SfftUVuynzJu5XV2ur4i6VKVFE=

lodash.once@^4.0.0:
  version "4.1.1"
  resolved "https://registry.yarnpkg.com/lodash.once/-/lodash.once-4.1.1.tgz#0dd3971213c7c56df880977d504c88fb471a97ac"
  integrity sha1-DdOXEhPHxW34gJd9UEyI+0cal6w=

lodash.set@^4.0.0:
  version "4.3.2"
  resolved "https://registry.yarnpkg.com/lodash.set/-/lodash.set-4.3.2.tgz#d8757b1da807dde24816b0d6a84bea1a76230b23"
  integrity sha1-2HV7HagH3eJIFrDWqEvqGnYjCyM=

lodash@^4.17.20:
  version "4.17.20"
  resolved "https://registry.yarnpkg.com/lodash/-/lodash-4.17.20.tgz#b44a9b6297bcb698f1c51a3545a2b3b368d59c52"
  integrity sha512-PlhdFcillOINfeV7Ni6oF1TAEayyZBoZ8bcshTHqOYJYlrqzRK5hagpagky5o4HfCzzd1TRkXPMFq6cKk9rGmA==

lru-cache@6.0.0:
  version "6.0.0"
  resolved "https://registry.yarnpkg.com/lru-cache/-/lru-cache-6.0.0.tgz#6d6fe6570ebd96aaf90fcad1dafa3b2566db3a94"
  integrity sha512-Jo6dJ04CmSjuznwJSS3pUeWmd/H0ffTlkXXgwZi+eq1UCmqQwCh+eLsYOYCwY991i2Fah4h1BEMCx4qThGbsiA==
  dependencies:
    yallist "^4.0.0"

matcher@^2.0.0:
  version "2.1.0"
  resolved "https://registry.yarnpkg.com/matcher/-/matcher-2.1.0.tgz#64e1041c15b993e23b786f93320a7474bf833c28"
  integrity sha512-o+nZr+vtJtgPNklyeUKkkH42OsK8WAfdgaJE2FNxcjLPg+5QbeEoT6vRj8Xq/iv18JlQ9cmKsEu0b94ixWf1YQ==
  dependencies:
    escape-string-regexp "^2.0.0"

middleware-if-unless@^1.2.4:
  version "1.2.4"
  resolved "https://registry.yarnpkg.com/middleware-if-unless/-/middleware-if-unless-1.2.4.tgz#1ed13eb19ec8949a1273629f3b0eb685d4e3f102"
  integrity sha512-3z/VMINA3ZLDoUX70r8I6Ea8Xtr83coI0H22Qt84RRW6uM2K6pxGrBY6smYQiuwuiDLH57QBlgLLRR0k/tTWAw==
  dependencies:
    find-my-way "^2.2.2"

ms@^2.1.1, ms@^2.1.2:
  version "2.1.2"
  resolved "https://registry.yarnpkg.com/ms/-/ms-2.1.2.tgz#d09d1f357b443f493382a8eb3ccd183872ae6009"
  integrity sha512-sGkPx+VjMtmA6MX27oA4FBFELFCZZ4S4XqeGOXCv68tT+jb3vk/RyaKWP0PTKyWtmLSM0b+adUTEvbs1PEaH2w==

nocache@2.1.0:
  version "2.1.0"
  resolved "https://registry.yarnpkg.com/nocache/-/nocache-2.1.0.tgz#120c9ffec43b5729b1d5de88cd71aa75a0ba491f"
  integrity sha512-0L9FvHG3nfnnmaEQPjT9xhfN4ISk0A8/2j4M37Np4mcDesJjHgEUfgPhdCyZuFI954tjokaIj/A3NdpFNdEh4Q==

object-assign@^4:
  version "4.1.1"
  resolved "https://registry.yarnpkg.com/object-assign/-/object-assign-4.1.1.tgz#2109adc7965887cfc05cbbd442cac8bfbb360863"
  integrity sha1-IQmtx5ZYh8/AXLvUQsrIv7s2CGM=

on-http-end@^1.0.2:
  version "1.0.2"
  resolved "https://registry.yarnpkg.com/on-http-end/-/on-http-end-1.0.2.tgz#bab4a02b8af17f5916a9510a30ec795b8a9f6320"
  integrity sha512-2Wpo/bPdVWNBB+c4CKGOfIZSpPWWZd1oQxlYgOB1tj1gZNOrOjoT4Uv9lFmTyc7dHw3KdvB9I/GV3vghtzNZnw==

once@^1.3.1, once@^1.4.0:
  version "1.4.0"
  resolved "https://registry.yarnpkg.com/once/-/once-1.4.0.tgz#583b1aa775961d4b113ac17d9c50baef9dd76bd1"
  integrity sha1-WDsap3WWHUsROsF9nFC6753Xa9E=
  dependencies:
    wrappy "1"

pump@^3.0.0:
  version "3.0.0"
  resolved "https://registry.yarnpkg.com/pump/-/pump-3.0.0.tgz#b4a2116815bde2f4e1ea602354e8c75565107a64"
  integrity sha512-LwZy+p3SFs1Pytd/jYct4wpv49HiYCqd9Rlc5ZVdk0V+8Yzv6jR5Blk3TRmPL1ft69TxP0IMZGJ+WPFU2BFhww==
  dependencies:
    end-of-stream "^1.1.0"
    once "^1.3.1"

readable-stream@^3.0.2:
  version "3.6.0"
  resolved "https://registry.yarnpkg.com/readable-stream/-/readable-stream-3.6.0.tgz#337bbda3adc0706bd3e024426a286d4b4b2c9198"
  integrity sha512-BViHy7LKeTz4oNnkcLJ+lVSL6vpiFeX6/d3oSH8zCW7UxP2onchk+vTGB143xuFjHS3deTgkKoXXymXqymiIdA==
  dependencies:
    inherits "^2.0.3"
    string_decoder "^1.1.1"
    util-deprecate "^1.0.1"

referrer-policy@1.2.0:
  version "1.2.0"
  resolved "https://registry.yarnpkg.com/referrer-policy/-/referrer-policy-1.2.0.tgz#b99cfb8b57090dc454895ef897a4cc35ef67a98e"
  integrity sha512-LgQJIuS6nAy1Jd88DCQRemyE3mS+ispwlqMk3b0yjZ257fI1v9c+/p6SD5gP5FGyXUIgrNOAfmyioHwZtYv2VA==

restana@^3.4.1:
  version "3.4.2"
  resolved "https://registry.yarnpkg.com/restana/-/restana-3.4.2.tgz#892687c79b199c32896eb0bf35db62ac7a7366aa"
  integrity sha512-yCv6SK3X2Zv3Ztminu52UffI7/6b9gXjUjSKZReQxSSTZKxUI/VCx/7cp1VSPTse9xhB3A6v67nS+iKelKck+w==
  dependencies:
    find-my-way "^2.2.1"

ret@~0.2.0:
  version "0.2.2"
  resolved "https://registry.yarnpkg.com/ret/-/ret-0.2.2.tgz#b6861782a1f4762dce43402a71eb7a283f44573c"
  integrity sha512-M0b3YWQs7R3Z917WRQy1HHA7Ba7D8hvZg6UE5mLykJxQVE2ju0IXbGlaHPPlkY+WN7wFP+wUMXmBFA0aV6vYGQ==

safe-buffer@^5.0.1, safe-buffer@~5.2.0:
  version "5.2.1"
  resolved "https://registry.yarnpkg.com/safe-buffer/-/safe-buffer-5.2.1.tgz#1eaf9fa9bdb1fdd4ec75f58f9cdb4e6b7827eec6"
  integrity sha512-rp3So07KcdmmKbGvgaNxQSJr7bGVSVk5S9Eq1F+ppbRo70+YeaDxkw5Dd8NPN+GD6bjnYm2VuPuCXmpuYvmCXQ==

safe-regex2@^2.0.0:
  version "2.0.0"
  resolved "https://registry.yarnpkg.com/safe-regex2/-/safe-regex2-2.0.0.tgz#b287524c397c7a2994470367e0185e1916b1f5b9"
  integrity sha512-PaUSFsUaNNuKwkBijoAPHAK6/eM6VirvyPWlZ7BAQy4D+hCvh4B6lIG+nPdhbFfIbP+gTGBcrdsOaUs0F+ZBOQ==
  dependencies:
    ret "~0.2.0"

semver-store@^0.3.0:
  version "0.3.0"
  resolved "https://registry.yarnpkg.com/semver-store/-/semver-store-0.3.0.tgz#ce602ff07df37080ec9f4fb40b29576547befbe9"
  integrity sha512-TcZvGMMy9vodEFSse30lWinkj+JgOBvPn8wRItpQRSayhc+4ssDs335uklkfvQQJgL/WvmHLVj4Ycv2s7QCQMg==

semver@^5.6.0:
  version "5.7.1"
  resolved "https://registry.yarnpkg.com/semver/-/semver-5.7.1.tgz#a954f931aeba508d307bbf069eff0c01c96116f7"
  integrity sha512-sauaDf/PZdVgrLTNYHRtpXa1iRiKcaebiKQ1BJdpQlWH2lCvexQdX55snPFyK7QzpudqbCI0qXFfOasHdyNDGQ==

semver@^7.3.2:
  version "7.3.2"
  resolved "https://registry.yarnpkg.com/semver/-/semver-7.3.2.tgz#604962b052b81ed0786aae84389ffba70ffd3938"
  integrity sha512-OrOb32TeeambH6UrhtShmF7CRDqhL6/5XpPNp2DuRH6+9QLw/orhp72j87v8Qa1ScDkvrrBNpZcDejAirJmfXQ==

stream-to-array@^2.3.0:
  version "2.3.0"
  resolved "https://registry.yarnpkg.com/stream-to-array/-/stream-to-array-2.3.0.tgz#bbf6b39f5f43ec30bc71babcb37557acecf34353"
  integrity sha1-u/azn19D7DC8cbq8s3VXrOzzQ1M=
  dependencies:
    any-promise "^1.1.0"

string_decoder@^1.1.1:
  version "1.3.0"
  resolved "https://registry.yarnpkg.com/string_decoder/-/string_decoder-1.3.0.tgz#42f114594a46cf1a8e30b0a84f56c78c3edac21e"
  integrity sha512-hkRX8U1WjJFd8LsDJ2yQ/wWWxaopEsABU1XfkM8A+j0+85JAGppt16cr1Whg6KIbb4okU6Mql6BOj+uup/wKeA==
  dependencies:
    safe-buffer "~5.2.0"

tiny-lru@^7.0.6:
  version "7.0.6"
  resolved "https://registry.yarnpkg.com/tiny-lru/-/tiny-lru-7.0.6.tgz#b0c3cdede1e5882aa2d1ae21cb2ceccf2a331f24"
  integrity sha512-zNYO0Kvgn5rXzWpL0y3RS09sMK67eGaQj9805jlK9G6pSadfriTczzLHFXa/xcW4mIRfmlB9HyQ/+SgL0V1uow==

toml@^3.0.0:
  version "3.0.0"
  resolved "https://registry.yarnpkg.com/toml/-/toml-3.0.0.tgz#342160f1af1904ec9d204d03a5d61222d762c5ee"
  integrity sha512-y/mWCZinnvxjTKYhJ+pYxwD0mRLVvOtdS2Awbgxln6iEnt4rk0yBxeSBHkGJcPucRiG0e55mwWp+g/05rsrd6w==

typedarray@^0.0.6:
  version "0.0.6"
  resolved "https://registry.yarnpkg.com/typedarray/-/typedarray-0.0.6.tgz#867ac74e3864187b1d3d47d996a78ec5c8830777"
  integrity sha1-hnrHTjhkGHsdPUfZlqeOxciDB3c=

undici@^1.2.2:
  version "1.3.1"
  resolved "https://registry.yarnpkg.com/undici/-/undici-1.3.1.tgz#2acad2a91177983e4fd99a81cc9f83d0e36a5227"
  integrity sha512-NX7FzPHOrsIEHv3PDlVX4wzN1gB7WlCUzkcL2Y3rrEE4vKrlJ2Oyvn+QdACR5qpeCI7j3XtfDirGuZlkL2JDDw==

util-deprecate@^1.0.1:
  version "1.0.2"
  resolved "https://registry.yarnpkg.com/util-deprecate/-/util-deprecate-1.0.2.tgz#450d4dc9fa70de732762fbd2d4a28981419a0ccf"
  integrity sha1-RQ1Nyfpw3nMnYvvS1KKJgUGaDM8=

vary@^1:
  version "1.1.2"
  resolved "https://registry.yarnpkg.com/vary/-/vary-1.1.2.tgz#2299f02c6ded30d4a5961b0b9f74524a18f634fc"
  integrity sha1-IpnwLG3tMNSllhsLn3RSShj2NPw=

wrappy@1:
  version "1.0.2"
  resolved "https://registry.yarnpkg.com/wrappy/-/wrappy-1.0.2.tgz#b5243d8f3ec1aa35f1364605bc0d1036e30ab69f"
  integrity sha1-tSQ9jz7BqjXxNkYFvA0QNuMKtp8=

x-xss-protection@1.3.0:
  version "1.3.0"
  resolved "https://registry.yarnpkg.com/x-xss-protection/-/x-xss-protection-1.3.0.tgz#3e3a8dd638da80421b0e9fff11a2dbe168f6d52c"
  integrity sha512-kpyBI9TlVipZO4diReZMAHWtS0MMa/7Kgx8hwG/EuZLiA6sg4Ah/4TRdASHhRRN3boobzcYgFRUFSgHRge6Qhg==

yallist@^4.0.0:
  version "4.0.0"
  resolved "https://registry.yarnpkg.com/yallist/-/yallist-4.0.0.tgz#9bb92790d9c0effec63be73519e11a35019a3a72"
  integrity sha512-3wdGidZyq5PB084XLES5TpOSRA3wjXAlIWMhum2kRcv/41Sn2emQ0dycQW4uZXLejwKvg6EsvbdlVL+FYEct7A==
